{
    "_meta": {
        "hash": {
            "sha256": "58d9cbe4c6676f38f8edd596253e385fe644ffb7c0eaba937511ee5ef2aa679a"
        },
        "pipfile-spec": 6,
        "requires": {},
        "sources": [
            {
                "name": "pypi",
                "url": "https://pypi.python.org/simple",
                "verify_ssl": true
            }
        ]
    },
    "default": {
        "thefuzz": {
            "extras": [
                "speedup"
            ],
            "version": "*"
        }
    },
    "develop": {
        "e1839a8": {
            "editable": true,
            "path": "."
        }
    }
}
