{
    "_meta": {
        "hash": {
            "sha256": "180d5cad12fa767edc26265f1098f42afd92ba23cdcd76e82d51e5c02b0d7623"
        },
        "pipfile-spec": 6,
        "requires": {},
        "sources": [
            {
                "name": "pypi",
                "url": "https://pypi.python.org/simple",
                "verify_ssl": true
            }
        ]
    },
    "default": {
        "thefuzz": {
            "extras": [
                "speedup"
            ]
        }
    },
    "develop": {
        "e1839a8": {
            "editable": true,
            "path": "."
        }
    }
}
