{
    "_meta": {
        "hash": {
            "sha256": "b0714e4f9032e97680b469054c5e820eef966dac39be387a66b94b894cf70542"
        },
        "pipfile-spec": 6,
        "requires": {},
        "sources": [
            {
                "name": "pypi",
                "url": "https://pypi.python.org/simple",
                "verify_ssl": true
            }
        ]
    },
    "default": {
        "thefuzz": {
            "extras": [
                "speedup"
            ]
        }
    },
    "develop": {
        "e1839a8": {
            "editable": true,
            "path": "."
        }
    }
}
